// !$*UTF8*$!
{
	archiveVersion = 1;
	classes = {
	};
	objectVersion = 55;
	objects = {

/* Begin PBXBuildFile section */
		8F04CBD42A1CF006000A9BBB /* Themeable.swift in Sources */ = {isa = PBXBuildFile; fileRef = 8F04CBD32A1CF006000A9BBB /* Themeable.swift */; };
		8F80CCC229F0586100F121BD /* AppDelegate.swift in Sources */ = {isa = PBXBuildFile; fileRef = 8F80CCC129F0586100F121BD /* AppDelegate.swift */; };
		8F80CCC429F0586100F121BD /* SceneDelegate.swift in Sources */ = {isa = PBXBuildFile; fileRef = 8F80CCC329F0586100F121BD /* SceneDelegate.swift */; };
		8F80CCC629F0586100F121BD /* ChatViewController.swift in Sources */ = {isa = PBXBuildFile; fileRef = 8F80CCC529F0586100F121BD /* ChatViewController.swift */; };
		8F80CCCE29F0586300F121BD /* LaunchScreen.storyboard in Resources */ = {isa = PBXBuildFile; fileRef = 8F80CCCC29F0586300F121BD /* LaunchScreen.storyboard */; };
		8F80CCD929F0586300F121BD /* ChatAppTests.swift in Sources */ = {isa = PBXBuildFile; fileRef = 8F80CCD829F0586300F121BD /* ChatAppTests.swift */; };
		8F80CCE329F0586300F121BD /* ChatAppUITests.swift in Sources */ = {isa = PBXBuildFile; fileRef = 8F80CCE229F0586300F121BD /* ChatAppUITests.swift */; };
		8F80CCE529F0586300F121BD /* ChatAppUITestsLaunchTests.swift in Sources */ = {isa = PBXBuildFile; fileRef = 8F80CCE429F0586300F121BD /* ChatAppUITestsLaunchTests.swift */; };
		8F80CCF229F17BDC00F121BD /* ChatViewModel.swift in Sources */ = {isa = PBXBuildFile; fileRef = 8F80CCF129F17BDC00F121BD /* ChatViewModel.swift */; };
		8F80CCF729F5BF1C00F121BD /* Assets.xcassets in Resources */ = {isa = PBXBuildFile; fileRef = 8F80CCF629F5BF1C00F121BD /* Assets.xcassets */; };
		8F80CCFB29F751A300F121BD /* ScrollableTextField.swift in Sources */ = {isa = PBXBuildFile; fileRef = 8F80CCFA29F751A300F121BD /* ScrollableTextField.swift */; };
		8F99C3752A16B552004807C2 /* ChatAppColors.swift in Sources */ = {isa = PBXBuildFile; fileRef = 8F99C3742A16B552004807C2 /* ChatAppColors.swift */; };
		8F99C3772A16B580004807C2 /* ChatAppImages.swift in Sources */ = {isa = PBXBuildFile; fileRef = 8F99C3762A16B580004807C2 /* ChatAppImages.swift */; };
		8F99C37B2A16B63A004807C2 /* NetworkMonitor.swift in Sources */ = {isa = PBXBuildFile; fileRef = 8F99C37A2A16B63A004807C2 /* NetworkMonitor.swift */; };
		8F99C37E2A16B6D2004807C2 /* ReceiverTableViewCell.swift in Sources */ = {isa = PBXBuildFile; fileRef = 8F99C37D2A16B6D2004807C2 /* ReceiverTableViewCell.swift */; };
		8F99C3802A16B6F1004807C2 /* SenderTableViewCell.swift in Sources */ = {isa = PBXBuildFile; fileRef = 8F99C37F2A16B6F1004807C2 /* SenderTableViewCell.swift */; };
		8F99C3822A16B7C8004807C2 /* CoreDataStack.swift in Sources */ = {isa = PBXBuildFile; fileRef = 8F99C3812A16B7C8004807C2 /* CoreDataStack.swift */; };
		8F99C3882A16B866004807C2 /* CoreDataManager.swift in Sources */ = {isa = PBXBuildFile; fileRef = 8F99C3872A16B866004807C2 /* CoreDataManager.swift */; };
		8F99C38B2A17CA14004807C2 /* Message.xcdatamodeld in Sources */ = {isa = PBXBuildFile; fileRef = 8F99C3892A17CA14004807C2 /* Message.xcdatamodeld */; };
		8F99C38E2A17CA8F004807C2 /* Message+CoreDataClass.swift in Sources */ = {isa = PBXBuildFile; fileRef = 8F99C38C2A17CA8F004807C2 /* Message+CoreDataClass.swift */; };
		8F99C38F2A17CA8F004807C2 /* Message+CoreDataProperties.swift in Sources */ = {isa = PBXBuildFile; fileRef = 8F99C38D2A17CA8F004807C2 /* Message+CoreDataProperties.swift */; };
		8FF84C0629F9C87400A815E8 /* Constraints+Extenstion.swift in Sources */ = {isa = PBXBuildFile; fileRef = 8FF84C0529F9C87400A815E8 /* Constraints+Extenstion.swift */; };
		8FF84C2B29F9E1EC00A815E8 /* SenderChatBubbleView.swift in Sources */ = {isa = PBXBuildFile; fileRef = 8FF84C2A29F9E1EC00A815E8 /* SenderChatBubbleView.swift */; };
		8FF84C2D29F9E21400A815E8 /* ReceiverChatBubbleVIew.swift in Sources */ = {isa = PBXBuildFile; fileRef = 8FF84C2C29F9E21400A815E8 /* ReceiverChatBubbleVIew.swift */; };
		8FF84C2F29FA844500A815E8 /* TextFieldContainerView.swift in Sources */ = {isa = PBXBuildFile; fileRef = 8FF84C2E29FA844500A815E8 /* TextFieldContainerView.swift */; };
		8FF84C3829FC55CB00A815E8 /* SwitcherButton.swift in Sources */ = {isa = PBXBuildFile; fileRef = 8FF84C3729FC55CB00A815E8 /* SwitcherButton.swift */; };
		8FF84C3A29FC5F9D00A815E8 /* ChatView.swift in Sources */ = {isa = PBXBuildFile; fileRef = 8FF84C3929FC5F9D00A815E8 /* ChatView.swift */; };
		8FF84C682A0157DD00A815E8 /* ChatAppComponents.swift in Sources */ = {isa = PBXBuildFile; fileRef = 8FF84C672A0157DD00A815E8 /* ChatAppComponents.swift */; };
/* End PBXBuildFile section */

/* Begin PBXContainerItemProxy section */
		8F80CCD529F0586300F121BD /* PBXContainerItemProxy */ = {
			isa = PBXContainerItemProxy;
			containerPortal = 8F80CCB629F0586000F121BD /* Project object */;
			proxyType = 1;
			remoteGlobalIDString = 8F80CCBD29F0586100F121BD;
			remoteInfo = ChatApp;
		};
		8F80CCDF29F0586300F121BD /* PBXContainerItemProxy */ = {
			isa = PBXContainerItemProxy;
			containerPortal = 8F80CCB629F0586000F121BD /* Project object */;
			proxyType = 1;
			remoteGlobalIDString = 8F80CCBD29F0586100F121BD;
			remoteInfo = ChatApp;
		};
/* End PBXContainerItemProxy section */

/* Begin PBXFileReference section */
		8F04CBD32A1CF006000A9BBB /* Themeable.swift */ = {isa = PBXFileReference; lastKnownFileType = sourcecode.swift; path = Themeable.swift; sourceTree = "<group>"; };
		8F80CCBE29F0586100F121BD /* ChatApp.app */ = {isa = PBXFileReference; explicitFileType = wrapper.application; includeInIndex = 0; path = ChatApp.app; sourceTree = BUILT_PRODUCTS_DIR; };
		8F80CCC129F0586100F121BD /* AppDelegate.swift */ = {isa = PBXFileReference; lastKnownFileType = sourcecode.swift; path = AppDelegate.swift; sourceTree = "<group>"; };
		8F80CCC329F0586100F121BD /* SceneDelegate.swift */ = {isa = PBXFileReference; lastKnownFileType = sourcecode.swift; path = SceneDelegate.swift; sourceTree = "<group>"; };
		8F80CCC529F0586100F121BD /* ChatViewController.swift */ = {isa = PBXFileReference; lastKnownFileType = sourcecode.swift; path = ChatViewController.swift; sourceTree = "<group>"; };
		8F80CCCD29F0586300F121BD /* Base */ = {isa = PBXFileReference; lastKnownFileType = file.storyboard; name = Base; path = Base.lproj/LaunchScreen.storyboard; sourceTree = "<group>"; };
		8F80CCCF29F0586300F121BD /* Info.plist */ = {isa = PBXFileReference; lastKnownFileType = text.plist.xml; path = Info.plist; sourceTree = "<group>"; };
		8F80CCD429F0586300F121BD /* ChatAppTests.xctest */ = {isa = PBXFileReference; explicitFileType = wrapper.cfbundle; includeInIndex = 0; path = ChatAppTests.xctest; sourceTree = BUILT_PRODUCTS_DIR; };
		8F80CCD829F0586300F121BD /* ChatAppTests.swift */ = {isa = PBXFileReference; lastKnownFileType = sourcecode.swift; path = ChatAppTests.swift; sourceTree = "<group>"; };
		8F80CCDE29F0586300F121BD /* ChatAppUITests.xctest */ = {isa = PBXFileReference; explicitFileType = wrapper.cfbundle; includeInIndex = 0; path = ChatAppUITests.xctest; sourceTree = BUILT_PRODUCTS_DIR; };
		8F80CCE229F0586300F121BD /* ChatAppUITests.swift */ = {isa = PBXFileReference; lastKnownFileType = sourcecode.swift; path = ChatAppUITests.swift; sourceTree = "<group>"; };
		8F80CCE429F0586300F121BD /* ChatAppUITestsLaunchTests.swift */ = {isa = PBXFileReference; lastKnownFileType = sourcecode.swift; path = ChatAppUITestsLaunchTests.swift; sourceTree = "<group>"; };
		8F80CCF129F17BDC00F121BD /* ChatViewModel.swift */ = {isa = PBXFileReference; lastKnownFileType = sourcecode.swift; path = ChatViewModel.swift; sourceTree = "<group>"; };
		8F80CCF629F5BF1C00F121BD /* Assets.xcassets */ = {isa = PBXFileReference; lastKnownFileType = folder.assetcatalog; path = Assets.xcassets; sourceTree = "<group>"; };
		8F80CCFA29F751A300F121BD /* ScrollableTextField.swift */ = {isa = PBXFileReference; lastKnownFileType = sourcecode.swift; path = ScrollableTextField.swift; sourceTree = "<group>"; };
		8F99C3742A16B552004807C2 /* ChatAppColors.swift */ = {isa = PBXFileReference; lastKnownFileType = sourcecode.swift; path = ChatAppColors.swift; sourceTree = "<group>"; };
		8F99C3762A16B580004807C2 /* ChatAppImages.swift */ = {isa = PBXFileReference; lastKnownFileType = sourcecode.swift; path = ChatAppImages.swift; sourceTree = "<group>"; };
		8F99C37A2A16B63A004807C2 /* NetworkMonitor.swift */ = {isa = PBXFileReference; lastKnownFileType = sourcecode.swift; path = NetworkMonitor.swift; sourceTree = "<group>"; };
		8F99C37D2A16B6D2004807C2 /* ReceiverTableViewCell.swift */ = {isa = PBXFileReference; lastKnownFileType = sourcecode.swift; path = ReceiverTableViewCell.swift; sourceTree = "<group>"; };
		8F99C37F2A16B6F1004807C2 /* SenderTableViewCell.swift */ = {isa = PBXFileReference; lastKnownFileType = sourcecode.swift; path = SenderTableViewCell.swift; sourceTree = "<group>"; };
		8F99C3812A16B7C8004807C2 /* CoreDataStack.swift */ = {isa = PBXFileReference; lastKnownFileType = sourcecode.swift; path = CoreDataStack.swift; sourceTree = "<group>"; };
		8F99C3872A16B866004807C2 /* CoreDataManager.swift */ = {isa = PBXFileReference; lastKnownFileType = sourcecode.swift; path = CoreDataManager.swift; sourceTree = "<group>"; };
		8F99C38A2A17CA14004807C2 /* Message.xcdatamodel */ = {isa = PBXFileReference; lastKnownFileType = wrapper.xcdatamodel; path = Message.xcdatamodel; sourceTree = "<group>"; };
		8F99C38C2A17CA8F004807C2 /* Message+CoreDataClass.swift */ = {isa = PBXFileReference; lastKnownFileType = sourcecode.swift; path = "Message+CoreDataClass.swift"; sourceTree = "<group>"; };
		8F99C38D2A17CA8F004807C2 /* Message+CoreDataProperties.swift */ = {isa = PBXFileReference; lastKnownFileType = sourcecode.swift; path = "Message+CoreDataProperties.swift"; sourceTree = "<group>"; };
		8FF84C0529F9C87400A815E8 /* Constraints+Extenstion.swift */ = {isa = PBXFileReference; lastKnownFileType = sourcecode.swift; path = "Constraints+Extenstion.swift"; sourceTree = "<group>"; };
		8FF84C2A29F9E1EC00A815E8 /* SenderChatBubbleView.swift */ = {isa = PBXFileReference; lastKnownFileType = sourcecode.swift; path = SenderChatBubbleView.swift; sourceTree = "<group>"; };
		8FF84C2C29F9E21400A815E8 /* ReceiverChatBubbleVIew.swift */ = {isa = PBXFileReference; lastKnownFileType = sourcecode.swift; path = ReceiverChatBubbleVIew.swift; sourceTree = "<group>"; };
		8FF84C2E29FA844500A815E8 /* TextFieldContainerView.swift */ = {isa = PBXFileReference; lastKnownFileType = sourcecode.swift; path = TextFieldContainerView.swift; sourceTree = "<group>"; };
		8FF84C3729FC55CB00A815E8 /* SwitcherButton.swift */ = {isa = PBXFileReference; lastKnownFileType = sourcecode.swift; path = SwitcherButton.swift; sourceTree = "<group>"; };
		8FF84C3929FC5F9D00A815E8 /* ChatView.swift */ = {isa = PBXFileReference; lastKnownFileType = sourcecode.swift; path = ChatView.swift; sourceTree = "<group>"; };
		8FF84C672A0157DD00A815E8 /* ChatAppComponents.swift */ = {isa = PBXFileReference; lastKnownFileType = sourcecode.swift; path = ChatAppComponents.swift; sourceTree = "<group>"; };
/* End PBXFileReference section */

/* Begin PBXFrameworksBuildPhase section */
		8F80CCBB29F0586100F121BD /* Frameworks */ = {
			isa = PBXFrameworksBuildPhase;
			buildActionMask = 2147483647;
			files = (
			);
			runOnlyForDeploymentPostprocessing = 0;
		};
		8F80CCD129F0586300F121BD /* Frameworks */ = {
			isa = PBXFrameworksBuildPhase;
			buildActionMask = 2147483647;
			files = (
			);
			runOnlyForDeploymentPostprocessing = 0;
		};
		8F80CCDB29F0586300F121BD /* Frameworks */ = {
			isa = PBXFrameworksBuildPhase;
			buildActionMask = 2147483647;
			files = (
			);
			runOnlyForDeploymentPostprocessing = 0;
		};
/* End PBXFrameworksBuildPhase section */

/* Begin PBXGroup section */
		8F04CBD52A1CF00B000A9BBB /* Protocols */ = {
			isa = PBXGroup;
			children = (
				8F04CBD32A1CF006000A9BBB /* Themeable.swift */,
			);
			name = Protocols;
			path = Controlers;
			sourceTree = "<group>";
		};
		8F80CCB529F0586000F121BD = {
			isa = PBXGroup;
			children = (
				8F99C3792A16B626004807C2 /* CoreData */,
				8F99C3782A16B5A3004807C2 /* Network */,
				8F80CCC029F0586100F121BD /* ChatApp */,
				8F80CCD729F0586300F121BD /* ChatAppTests */,
				8F80CCE129F0586300F121BD /* ChatAppUITests */,
				8F80CCBF29F0586100F121BD /* Products */,
			);
			sourceTree = "<group>";
		};
		8F80CCBF29F0586100F121BD /* Products */ = {
			isa = PBXGroup;
			children = (
				8F80CCBE29F0586100F121BD /* ChatApp.app */,
				8F80CCD429F0586300F121BD /* ChatAppTests.xctest */,
				8F80CCDE29F0586300F121BD /* ChatAppUITests.xctest */,
			);
			name = Products;
			sourceTree = "<group>";
		};
		8F80CCC029F0586100F121BD /* ChatApp */ = {
			isa = PBXGroup;
			children = (
				8FF84BFF29F94C3000A815E8 /* Controlers */,
				8FF84C0029F94C3D00A815E8 /* Model */,
				8F99C37C2A16B674004807C2 /* TableViewCells */,
				8FF84C0129F94C5F00A815E8 /* Extensions */,
				8FF84C3229FBF14B00A815E8 /* Custom+UI */,
				8F04CBD52A1CF00B000A9BBB /* Protocols */,
				8FF84C0229F94CA700A815E8 /* Constants */,
				8F80CCC329F0586100F121BD /* SceneDelegate.swift */,
				8F80CCC129F0586100F121BD /* AppDelegate.swift */,
				8F99C3892A17CA14004807C2 /* Message.xcdatamodeld */,
				8F80CCCC29F0586300F121BD /* LaunchScreen.storyboard */,
				8F80CCF629F5BF1C00F121BD /* Assets.xcassets */,
				8F80CCCF29F0586300F121BD /* Info.plist */,
			);
			path = ChatApp;
			sourceTree = "<group>";
		};
		8F80CCD729F0586300F121BD /* ChatAppTests */ = {
			isa = PBXGroup;
			children = (
				8F80CCD829F0586300F121BD /* ChatAppTests.swift */,
			);
			path = ChatAppTests;
			sourceTree = "<group>";
		};
		8F80CCE129F0586300F121BD /* ChatAppUITests */ = {
			isa = PBXGroup;
			children = (
				8F80CCE229F0586300F121BD /* ChatAppUITests.swift */,
				8F80CCE429F0586300F121BD /* ChatAppUITestsLaunchTests.swift */,
			);
			path = ChatAppUITests;
			sourceTree = "<group>";
		};
		8F99C3782A16B5A3004807C2 /* Network */ = {
			isa = PBXGroup;
			children = (
				8F99C37A2A16B63A004807C2 /* NetworkMonitor.swift */,
			);
			path = Network;
			sourceTree = "<group>";
		};
		8F99C3792A16B626004807C2 /* CoreData */ = {
			isa = PBXGroup;
			children = (
				8F99C38D2A17CA8F004807C2 /* Message+CoreDataProperties.swift */,
				8F99C38C2A17CA8F004807C2 /* Message+CoreDataClass.swift */,
				8F99C3812A16B7C8004807C2 /* CoreDataStack.swift */,
				8F99C3872A16B866004807C2 /* CoreDataManager.swift */,
			);
			path = CoreData;
			sourceTree = "<group>";
		};
		8F99C37C2A16B674004807C2 /* TableViewCells */ = {
			isa = PBXGroup;
			children = (
				8F99C37D2A16B6D2004807C2 /* ReceiverTableViewCell.swift */,
				8F99C37F2A16B6F1004807C2 /* SenderTableViewCell.swift */,
			);
			path = TableViewCells;
			sourceTree = "<group>";
		};
		8FF84BFF29F94C3000A815E8 /* Controlers */ = {
			isa = PBXGroup;
			children = (
				8F80CCC529F0586100F121BD /* ChatViewController.swift */,
			);
			path = Controlers;
			sourceTree = "<group>";
		};
		8FF84C0029F94C3D00A815E8 /* Model */ = {
			isa = PBXGroup;
			children = (
				8F80CCF129F17BDC00F121BD /* ChatViewModel.swift */,
			);
			path = Model;
			sourceTree = "<group>";
		};
		8FF84C0129F94C5F00A815E8 /* Extensions */ = {
			isa = PBXGroup;
			children = (
				8FF84C0529F9C87400A815E8 /* Constraints+Extenstion.swift */,
			);
			path = Extensions;
			sourceTree = "<group>";
		};
		8FF84C0229F94CA700A815E8 /* Constants */ = {
			isa = PBXGroup;
			children = (
				8FF84C672A0157DD00A815E8 /* ChatAppComponents.swift */,
				8F99C3742A16B552004807C2 /* ChatAppColors.swift */,
				8F99C3762A16B580004807C2 /* ChatAppImages.swift */,
			);
			path = Constants;
			sourceTree = "<group>";
		};
		8FF84C3229FBF14B00A815E8 /* Custom+UI */ = {
			isa = PBXGroup;
			children = (
				8F80CCFA29F751A300F121BD /* ScrollableTextField.swift */,
				8FF84C2E29FA844500A815E8 /* TextFieldContainerView.swift */,
				8FF84C3729FC55CB00A815E8 /* SwitcherButton.swift */,
				8FF84C3929FC5F9D00A815E8 /* ChatView.swift */,
				8FF84C2A29F9E1EC00A815E8 /* SenderChatBubbleView.swift */,
				8FF84C2C29F9E21400A815E8 /* ReceiverChatBubbleVIew.swift */,
			);
			path = "Custom+UI";
			sourceTree = "<group>";
		};
/* End PBXGroup section */

/* Begin PBXNativeTarget section */
		8F80CCBD29F0586100F121BD /* ChatApp */ = {
			isa = PBXNativeTarget;
			buildConfigurationList = 8F80CCE829F0586300F121BD /* Build configuration list for PBXNativeTarget "ChatApp" */;
			buildPhases = (
				8F80CCBA29F0586100F121BD /* Sources */,
				8F80CCBB29F0586100F121BD /* Frameworks */,
				8F80CCBC29F0586100F121BD /* Resources */,
			);
			buildRules = (
			);
			dependencies = (
			);
			name = ChatApp;
			productName = ChatApp;
			productReference = 8F80CCBE29F0586100F121BD /* ChatApp.app */;
			productType = "com.apple.product-type.application";
		};
		8F80CCD329F0586300F121BD /* ChatAppTests */ = {
			isa = PBXNativeTarget;
			buildConfigurationList = 8F80CCEB29F0586300F121BD /* Build configuration list for PBXNativeTarget "ChatAppTests" */;
			buildPhases = (
				8F80CCD029F0586300F121BD /* Sources */,
				8F80CCD129F0586300F121BD /* Frameworks */,
				8F80CCD229F0586300F121BD /* Resources */,
			);
			buildRules = (
			);
			dependencies = (
				8F80CCD629F0586300F121BD /* PBXTargetDependency */,
			);
			name = ChatAppTests;
			productName = ChatAppTests;
			productReference = 8F80CCD429F0586300F121BD /* ChatAppTests.xctest */;
			productType = "com.apple.product-type.bundle.unit-test";
		};
		8F80CCDD29F0586300F121BD /* ChatAppUITests */ = {
			isa = PBXNativeTarget;
			buildConfigurationList = 8F80CCEE29F0586300F121BD /* Build configuration list for PBXNativeTarget "ChatAppUITests" */;
			buildPhases = (
				8F80CCDA29F0586300F121BD /* Sources */,
				8F80CCDB29F0586300F121BD /* Frameworks */,
				8F80CCDC29F0586300F121BD /* Resources */,
			);
			buildRules = (
			);
			dependencies = (
				8F80CCE029F0586300F121BD /* PBXTargetDependency */,
			);
			name = ChatAppUITests;
			productName = ChatAppUITests;
			productReference = 8F80CCDE29F0586300F121BD /* ChatAppUITests.xctest */;
			productType = "com.apple.product-type.bundle.ui-testing";
		};
/* End PBXNativeTarget section */

/* Begin PBXProject section */
		8F80CCB629F0586000F121BD /* Project object */ = {
			isa = PBXProject;
			attributes = {
				BuildIndependentTargetsInParallel = 1;
				LastSwiftUpdateCheck = 1340;
				LastUpgradeCheck = 1340;
				TargetAttributes = {
					8F80CCBD29F0586100F121BD = {
						CreatedOnToolsVersion = 13.4.1;
					};
					8F80CCD329F0586300F121BD = {
						CreatedOnToolsVersion = 13.4.1;
						TestTargetID = 8F80CCBD29F0586100F121BD;
					};
					8F80CCDD29F0586300F121BD = {
						CreatedOnToolsVersion = 13.4.1;
						TestTargetID = 8F80CCBD29F0586100F121BD;
					};
				};
			};
			buildConfigurationList = 8F80CCB929F0586000F121BD /* Build configuration list for PBXProject "ChatApp" */;
			compatibilityVersion = "Xcode 13.0";
			developmentRegion = en;
			hasScannedForEncodings = 0;
			knownRegions = (
				en,
				Base,
			);
			mainGroup = 8F80CCB529F0586000F121BD;
			productRefGroup = 8F80CCBF29F0586100F121BD /* Products */;
			projectDirPath = "";
			projectRoot = "";
			targets = (
				8F80CCBD29F0586100F121BD /* ChatApp */,
				8F80CCD329F0586300F121BD /* ChatAppTests */,
				8F80CCDD29F0586300F121BD /* ChatAppUITests */,
			);
		};
/* End PBXProject section */

/* Begin PBXResourcesBuildPhase section */
		8F80CCBC29F0586100F121BD /* Resources */ = {
			isa = PBXResourcesBuildPhase;
			buildActionMask = 2147483647;
			files = (
				8F80CCF729F5BF1C00F121BD /* Assets.xcassets in Resources */,
				8F80CCCE29F0586300F121BD /* LaunchScreen.storyboard in Resources */,
			);
			runOnlyForDeploymentPostprocessing = 0;
		};
		8F80CCD229F0586300F121BD /* Resources */ = {
			isa = PBXResourcesBuildPhase;
			buildActionMask = 2147483647;
			files = (
			);
			runOnlyForDeploymentPostprocessing = 0;
		};
		8F80CCDC29F0586300F121BD /* Resources */ = {
			isa = PBXResourcesBuildPhase;
			buildActionMask = 2147483647;
			files = (
			);
			runOnlyForDeploymentPostprocessing = 0;
		};
/* End PBXResourcesBuildPhase section */

/* Begin PBXSourcesBuildPhase section */
		8F80CCBA29F0586100F121BD /* Sources */ = {
			isa = PBXSourcesBuildPhase;
			buildActionMask = 2147483647;
			files = (
				8F99C38F2A17CA8F004807C2 /* Message+CoreDataProperties.swift in Sources */,
				8FF84C3829FC55CB00A815E8 /* SwitcherButton.swift in Sources */,
				8F99C37B2A16B63A004807C2 /* NetworkMonitor.swift in Sources */,
				8F80CCC629F0586100F121BD /* ChatViewController.swift in Sources */,
				8FF84C2B29F9E1EC00A815E8 /* SenderChatBubbleView.swift in Sources */,
				8FF84C3A29FC5F9D00A815E8 /* ChatView.swift in Sources */,
				8F80CCC229F0586100F121BD /* AppDelegate.swift in Sources */,
				8F99C38E2A17CA8F004807C2 /* Message+CoreDataClass.swift in Sources */,
				8F80CCF229F17BDC00F121BD /* ChatViewModel.swift in Sources */,
				8F99C3772A16B580004807C2 /* ChatAppImages.swift in Sources */,
				8F99C3822A16B7C8004807C2 /* CoreDataStack.swift in Sources */,
				8FF84C682A0157DD00A815E8 /* ChatAppComponents.swift in Sources */,
				8F99C3882A16B866004807C2 /* CoreDataManager.swift in Sources */,
				8FF84C0629F9C87400A815E8 /* Constraints+Extenstion.swift in Sources */,
				8F99C37E2A16B6D2004807C2 /* ReceiverTableViewCell.swift in Sources */,
				8F80CCFB29F751A300F121BD /* ScrollableTextField.swift in Sources */,
				8F99C3802A16B6F1004807C2 /* SenderTableViewCell.swift in Sources */,
				8FF84C2D29F9E21400A815E8 /* ReceiverChatBubbleVIew.swift in Sources */,
				8FF84C2F29FA844500A815E8 /* TextFieldContainerView.swift in Sources */,
				8F04CBD42A1CF006000A9BBB /* Themeable.swift in Sources */,
				8F99C3752A16B552004807C2 /* ChatAppColors.swift in Sources */,
				8F80CCC429F0586100F121BD /* SceneDelegate.swift in Sources */,
				8F99C38B2A17CA14004807C2 /* Message.xcdatamodeld in Sources */,
			);
			runOnlyForDeploymentPostprocessing = 0;
		};
		8F80CCD029F0586300F121BD /* Sources */ = {
			isa = PBXSourcesBuildPhase;
			buildActionMask = 2147483647;
			files = (
				8F80CCD929F0586300F121BD /* ChatAppTests.swift in Sources */,
			);
			runOnlyForDeploymentPostprocessing = 0;
		};
		8F80CCDA29F0586300F121BD /* Sources */ = {
			isa = PBXSourcesBuildPhase;
			buildActionMask = 2147483647;
			files = (
				8F80CCE529F0586300F121BD /* ChatAppUITestsLaunchTests.swift in Sources */,
				8F80CCE329F0586300F121BD /* ChatAppUITests.swift in Sources */,
			);
			runOnlyForDeploymentPostprocessing = 0;
		};
/* End PBXSourcesBuildPhase section */

/* Begin PBXTargetDependency section */
		8F80CCD629F0586300F121BD /* PBXTargetDependency */ = {
			isa = PBXTargetDependency;
			target = 8F80CCBD29F0586100F121BD /* ChatApp */;
			targetProxy = 8F80CCD529F0586300F121BD /* PBXContainerItemProxy */;
		};
		8F80CCE029F0586300F121BD /* PBXTargetDependency */ = {
			isa = PBXTargetDependency;
			target = 8F80CCBD29F0586100F121BD /* ChatApp */;
			targetProxy = 8F80CCDF29F0586300F121BD /* PBXContainerItemProxy */;
		};
/* End PBXTargetDependency section */

/* Begin PBXVariantGroup section */
		8F80CCCC29F0586300F121BD /* LaunchScreen.storyboard */ = {
			isa = PBXVariantGroup;
			children = (
				8F80CCCD29F0586300F121BD /* Base */,
			);
			name = LaunchScreen.storyboard;
			sourceTree = "<group>";
		};
/* End PBXVariantGroup section */

/* Begin XCBuildConfiguration section */
		8F80CCE629F0586300F121BD /* Debug */ = {
			isa = XCBuildConfiguration;
			buildSettings = {
				ALWAYS_SEARCH_USER_PATHS = NO;
				CLANG_ANALYZER_NONNULL = YES;
				CLANG_ANALYZER_NUMBER_OBJECT_CONVERSION = YES_AGGRESSIVE;
				CLANG_CXX_LANGUAGE_STANDARD = "gnu++17";
				CLANG_ENABLE_MODULES = YES;
				CLANG_ENABLE_OBJC_ARC = YES;
				CLANG_ENABLE_OBJC_WEAK = YES;
				CLANG_WARN_BLOCK_CAPTURE_AUTORELEASING = YES;
				CLANG_WARN_BOOL_CONVERSION = YES;
				CLANG_WARN_COMMA = YES;
				CLANG_WARN_CONSTANT_CONVERSION = YES;
				CLANG_WARN_DEPRECATED_OBJC_IMPLEMENTATIONS = YES;
				CLANG_WARN_DIRECT_OBJC_ISA_USAGE = YES_ERROR;
				CLANG_WARN_DOCUMENTATION_COMMENTS = YES;
				CLANG_WARN_EMPTY_BODY = YES;
				CLANG_WARN_ENUM_CONVERSION = YES;
				CLANG_WARN_INFINITE_RECURSION = YES;
				CLANG_WARN_INT_CONVERSION = YES;
				CLANG_WARN_NON_LITERAL_NULL_CONVERSION = YES;
				CLANG_WARN_OBJC_IMPLICIT_RETAIN_SELF = YES;
				CLANG_WARN_OBJC_LITERAL_CONVERSION = YES;
				CLANG_WARN_OBJC_ROOT_CLASS = YES_ERROR;
				CLANG_WARN_QUOTED_INCLUDE_IN_FRAMEWORK_HEADER = YES;
				CLANG_WARN_RANGE_LOOP_ANALYSIS = YES;
				CLANG_WARN_STRICT_PROTOTYPES = YES;
				CLANG_WARN_SUSPICIOUS_MOVE = YES;
				CLANG_WARN_UNGUARDED_AVAILABILITY = YES_AGGRESSIVE;
				CLANG_WARN_UNREACHABLE_CODE = YES;
				CLANG_WARN__DUPLICATE_METHOD_MATCH = YES;
				COPY_PHASE_STRIP = NO;
				DEBUG_INFORMATION_FORMAT = dwarf;
				ENABLE_STRICT_OBJC_MSGSEND = YES;
				ENABLE_TESTABILITY = YES;
				GCC_C_LANGUAGE_STANDARD = gnu11;
				GCC_DYNAMIC_NO_PIC = NO;
				GCC_NO_COMMON_BLOCKS = YES;
				GCC_OPTIMIZATION_LEVEL = 0;
				GCC_PREPROCESSOR_DEFINITIONS = (
					"DEBUG=1",
					"$(inherited)",
				);
				GCC_WARN_64_TO_32_BIT_CONVERSION = YES;
				GCC_WARN_ABOUT_RETURN_TYPE = YES_ERROR;
				GCC_WARN_UNDECLARED_SELECTOR = YES;
				GCC_WARN_UNINITIALIZED_AUTOS = YES_AGGRESSIVE;
				GCC_WARN_UNUSED_FUNCTION = YES;
				GCC_WARN_UNUSED_VARIABLE = YES;
				IPHONEOS_DEPLOYMENT_TARGET = 15.5;
				MTL_ENABLE_DEBUG_INFO = INCLUDE_SOURCE;
				MTL_FAST_MATH = YES;
				ONLY_ACTIVE_ARCH = YES;
				SDKROOT = iphoneos;
				SWIFT_ACTIVE_COMPILATION_CONDITIONS = DEBUG;
				SWIFT_OPTIMIZATION_LEVEL = "-Onone";
			};
			name = Debug;
		};
		8F80CCE729F0586300F121BD /* Release */ = {
			isa = XCBuildConfiguration;
			buildSettings = {
				ALWAYS_SEARCH_USER_PATHS = NO;
				CLANG_ANALYZER_NONNULL = YES;
				CLANG_ANALYZER_NUMBER_OBJECT_CONVERSION = YES_AGGRESSIVE;
				CLANG_CXX_LANGUAGE_STANDARD = "gnu++17";
				CLANG_ENABLE_MODULES = YES;
				CLANG_ENABLE_OBJC_ARC = YES;
				CLANG_ENABLE_OBJC_WEAK = YES;
				CLANG_WARN_BLOCK_CAPTURE_AUTORELEASING = YES;
				CLANG_WARN_BOOL_CONVERSION = YES;
				CLANG_WARN_COMMA = YES;
				CLANG_WARN_CONSTANT_CONVERSION = YES;
				CLANG_WARN_DEPRECATED_OBJC_IMPLEMENTATIONS = YES;
				CLANG_WARN_DIRECT_OBJC_ISA_USAGE = YES_ERROR;
				CLANG_WARN_DOCUMENTATION_COMMENTS = YES;
				CLANG_WARN_EMPTY_BODY = YES;
				CLANG_WARN_ENUM_CONVERSION = YES;
				CLANG_WARN_INFINITE_RECURSION = YES;
				CLANG_WARN_INT_CONVERSION = YES;
				CLANG_WARN_NON_LITERAL_NULL_CONVERSION = YES;
				CLANG_WARN_OBJC_IMPLICIT_RETAIN_SELF = YES;
				CLANG_WARN_OBJC_LITERAL_CONVERSION = YES;
				CLANG_WARN_OBJC_ROOT_CLASS = YES_ERROR;
				CLANG_WARN_QUOTED_INCLUDE_IN_FRAMEWORK_HEADER = YES;
				CLANG_WARN_RANGE_LOOP_ANALYSIS = YES;
				CLANG_WARN_STRICT_PROTOTYPES = YES;
				CLANG_WARN_SUSPICIOUS_MOVE = YES;
				CLANG_WARN_UNGUARDED_AVAILABILITY = YES_AGGRESSIVE;
				CLANG_WARN_UNREACHABLE_CODE = YES;
				CLANG_WARN__DUPLICATE_METHOD_MATCH = YES;
				COPY_PHASE_STRIP = NO;
				DEBUG_INFORMATION_FORMAT = "dwarf-with-dsym";
				ENABLE_NS_ASSERTIONS = NO;
				ENABLE_STRICT_OBJC_MSGSEND = YES;
				GCC_C_LANGUAGE_STANDARD = gnu11;
				GCC_NO_COMMON_BLOCKS = YES;
				GCC_WARN_64_TO_32_BIT_CONVERSION = YES;
				GCC_WARN_ABOUT_RETURN_TYPE = YES_ERROR;
				GCC_WARN_UNDECLARED_SELECTOR = YES;
				GCC_WARN_UNINITIALIZED_AUTOS = YES_AGGRESSIVE;
				GCC_WARN_UNUSED_FUNCTION = YES;
				GCC_WARN_UNUSED_VARIABLE = YES;
				IPHONEOS_DEPLOYMENT_TARGET = 15.5;
				MTL_ENABLE_DEBUG_INFO = NO;
				MTL_FAST_MATH = YES;
				SDKROOT = iphoneos;
				SWIFT_COMPILATION_MODE = wholemodule;
				SWIFT_OPTIMIZATION_LEVEL = "-O";
				VALIDATE_PRODUCT = YES;
			};
			name = Release;
		};
		8F80CCE929F0586300F121BD /* Debug */ = {
			isa = XCBuildConfiguration;
			buildSettings = {
				ASSETCATALOG_COMPILER_APPICON_NAME = AppIcon;
				ASSETCATALOG_COMPILER_GLOBAL_ACCENT_COLOR_NAME = AccentColor;
				CODE_SIGN_STYLE = Automatic;
				CURRENT_PROJECT_VERSION = 1;
				GENERATE_INFOPLIST_FILE = YES;
				INFOPLIST_FILE = ChatApp/Info.plist;
				INFOPLIST_KEY_UIApplicationSupportsIndirectInputEvents = YES;
				INFOPLIST_KEY_UILaunchStoryboardName = LaunchScreen;
				INFOPLIST_KEY_UISupportedInterfaceOrientations_iPad = "UIInterfaceOrientationPortrait UIInterfaceOrientationPortraitUpsideDown UIInterfaceOrientationLandscapeLeft UIInterfaceOrientationLandscapeRight";
				INFOPLIST_KEY_UISupportedInterfaceOrientations_iPhone = "UIInterfaceOrientationPortrait UIInterfaceOrientationLandscapeLeft UIInterfaceOrientationLandscapeRight";
				LD_RUNPATH_SEARCH_PATHS = (
					"$(inherited)",
					"@executable_path/Frameworks",
				);
				MARKETING_VERSION = 1.0;
				PRODUCT_BUNDLE_IDENTIFIER = chatApp.ChatApp;
				PRODUCT_NAME = "$(TARGET_NAME)";
				SWIFT_EMIT_LOC_STRINGS = YES;
				SWIFT_VERSION = 5.0;
				TARGETED_DEVICE_FAMILY = "1,2";
			};
			name = Debug;
		};
		8F80CCEA29F0586300F121BD /* Release */ = {
			isa = XCBuildConfiguration;
			buildSettings = {
				ASSETCATALOG_COMPILER_APPICON_NAME = AppIcon;
				ASSETCATALOG_COMPILER_GLOBAL_ACCENT_COLOR_NAME = AccentColor;
				CODE_SIGN_STYLE = Automatic;
				CURRENT_PROJECT_VERSION = 1;
				GENERATE_INFOPLIST_FILE = YES;
				INFOPLIST_FILE = ChatApp/Info.plist;
				INFOPLIST_KEY_UIApplicationSupportsIndirectInputEvents = YES;
				INFOPLIST_KEY_UILaunchStoryboardName = LaunchScreen;
				INFOPLIST_KEY_UISupportedInterfaceOrientations_iPad = "UIInterfaceOrientationPortrait UIInterfaceOrientationPortraitUpsideDown UIInterfaceOrientationLandscapeLeft UIInterfaceOrientationLandscapeRight";
				INFOPLIST_KEY_UISupportedInterfaceOrientations_iPhone = "UIInterfaceOrientationPortrait UIInterfaceOrientationLandscapeLeft UIInterfaceOrientationLandscapeRight";
				LD_RUNPATH_SEARCH_PATHS = (
					"$(inherited)",
					"@executable_path/Frameworks",
				);
				MARKETING_VERSION = 1.0;
				PRODUCT_BUNDLE_IDENTIFIER = chatApp.ChatApp;
				PRODUCT_NAME = "$(TARGET_NAME)";
				SWIFT_EMIT_LOC_STRINGS = YES;
				SWIFT_VERSION = 5.0;
				TARGETED_DEVICE_FAMILY = "1,2";
			};
			name = Release;
		};
		8F80CCEC29F0586300F121BD /* Debug */ = {
			isa = XCBuildConfiguration;
			buildSettings = {
				ALWAYS_EMBED_SWIFT_STANDARD_LIBRARIES = YES;
				BUNDLE_LOADER = "$(TEST_HOST)";
				CODE_SIGN_STYLE = Automatic;
				CURRENT_PROJECT_VERSION = 1;
				GENERATE_INFOPLIST_FILE = YES;
				IPHONEOS_DEPLOYMENT_TARGET = 15.5;
				MARKETING_VERSION = 1.0;
				PRODUCT_BUNDLE_IDENTIFIER = chatApp.ChatAppTests;
				PRODUCT_NAME = "$(TARGET_NAME)";
				SWIFT_EMIT_LOC_STRINGS = NO;
				SWIFT_VERSION = 5.0;
				TARGETED_DEVICE_FAMILY = "1,2";
				TEST_HOST = "$(BUILT_PRODUCTS_DIR)/ChatApp.app/ChatApp";
			};
			name = Debug;
		};
		8F80CCED29F0586300F121BD /* Release */ = {
			isa = XCBuildConfiguration;
			buildSettings = {
				ALWAYS_EMBED_SWIFT_STANDARD_LIBRARIES = YES;
				BUNDLE_LOADER = "$(TEST_HOST)";
				CODE_SIGN_STYLE = Automatic;
				CURRENT_PROJECT_VERSION = 1;
				GENERATE_INFOPLIST_FILE = YES;
				IPHONEOS_DEPLOYMENT_TARGET = 15.5;
				MARKETING_VERSION = 1.0;
				PRODUCT_BUNDLE_IDENTIFIER = chatApp.ChatAppTests;
				PRODUCT_NAME = "$(TARGET_NAME)";
				SWIFT_EMIT_LOC_STRINGS = NO;
				SWIFT_VERSION = 5.0;
				TARGETED_DEVICE_FAMILY = "1,2";
				TEST_HOST = "$(BUILT_PRODUCTS_DIR)/ChatApp.app/ChatApp";
			};
			name = Release;
		};
		8F80CCEF29F0586300F121BD /* Debug */ = {
			isa = XCBuildConfiguration;
			buildSettings = {
				ALWAYS_EMBED_SWIFT_STANDARD_LIBRARIES = YES;
				CODE_SIGN_STYLE = Automatic;
				CURRENT_PROJECT_VERSION = 1;
				GENERATE_INFOPLIST_FILE = YES;
				MARKETING_VERSION = 1.0;
				PRODUCT_BUNDLE_IDENTIFIER = chatApp.ChatAppUITests;
				PRODUCT_NAME = "$(TARGET_NAME)";
				SWIFT_EMIT_LOC_STRINGS = NO;
				SWIFT_VERSION = 5.0;
				TARGETED_DEVICE_FAMILY = "1,2";
				TEST_TARGET_NAME = ChatApp;
			};
			name = Debug;
		};
		8F80CCF029F0586300F121BD /* Release */ = {
			isa = XCBuildConfiguration;
			buildSettings = {
				ALWAYS_EMBED_SWIFT_STANDARD_LIBRARIES = YES;
				CODE_SIGN_STYLE = Automatic;
				CURRENT_PROJECT_VERSION = 1;
				GENERATE_INFOPLIST_FILE = YES;
				MARKETING_VERSION = 1.0;
				PRODUCT_BUNDLE_IDENTIFIER = chatApp.ChatAppUITests;
				PRODUCT_NAME = "$(TARGET_NAME)";
				SWIFT_EMIT_LOC_STRINGS = NO;
				SWIFT_VERSION = 5.0;
				TARGETED_DEVICE_FAMILY = "1,2";
				TEST_TARGET_NAME = ChatApp;
			};
			name = Release;
		};
/* End XCBuildConfiguration section */

/* Begin XCConfigurationList section */
		8F80CCB929F0586000F121BD /* Build configuration list for PBXProject "ChatApp" */ = {
			isa = XCConfigurationList;
			buildConfigurations = (
				8F80CCE629F0586300F121BD /* Debug */,
				8F80CCE729F0586300F121BD /* Release */,
			);
			defaultConfigurationIsVisible = 0;
			defaultConfigurationName = Release;
		};
		8F80CCE829F0586300F121BD /* Build configuration list for PBXNativeTarget "ChatApp" */ = {
			isa = XCConfigurationList;
			buildConfigurations = (
				8F80CCE929F0586300F121BD /* Debug */,
				8F80CCEA29F0586300F121BD /* Release */,
			);
			defaultConfigurationIsVisible = 0;
			defaultConfigurationName = Release;
		};
		8F80CCEB29F0586300F121BD /* Build configuration list for PBXNativeTarget "ChatAppTests" */ = {
			isa = XCConfigurationList;
			buildConfigurations = (
				8F80CCEC29F0586300F121BD /* Debug */,
				8F80CCED29F0586300F121BD /* Release */,
			);
			defaultConfigurationIsVisible = 0;
			defaultConfigurationName = Release;
		};
		8F80CCEE29F0586300F121BD /* Build configuration list for PBXNativeTarget "ChatAppUITests" */ = {
			isa = XCConfigurationList;
			buildConfigurations = (
				8F80CCEF29F0586300F121BD /* Debug */,
				8F80CCF029F0586300F121BD /* Release */,
			);
			defaultConfigurationIsVisible = 0;
			defaultConfigurationName = Release;
		};
/* End XCConfigurationList section */

/* Begin XCVersionGroup section */
		8F99C3892A17CA14004807C2 /* Message.xcdatamodeld */ = {
			isa = XCVersionGroup;
			children = (
				8F99C38A2A17CA14004807C2 /* Message.xcdatamodel */,
			);
			currentVersion = 8F99C38A2A17CA14004807C2 /* Message.xcdatamodel */;
			path = Message.xcdatamodeld;
			sourceTree = "<group>";
			versionGroupType = wrapper.xcdatamodel;
		};
/* End XCVersionGroup section */
	};
	rootObject = 8F80CCB629F0586000F121BD /* Project object */;
}
